
Microsoft Visual Studio Solution File, Format Version 12.00
# Visual Studio Version 16
VisualStudioVersion = 16.0.30413.136
MinimumVisualStudioVersion = 10.0.40219.1
Project("{FAE04EC0-301F-11D3-BF4B-00C04F79EFBC}") = "CS004ProhozeniHodnot", "CS004ProhozeniHodnot\CS004ProhozeniHodnot.csproj", "{73D13102-E0EF-4BCF-978B-CE015D7FDFA5}"
EndProject
Global
	GlobalSection(SolutionConfigurationPlatforms) = preSolution
		Debug|Any CPU = Debug|Any CPU
		Release|Any CPU = Release|Any CPU
	EndGlobalSection
	GlobalSection(ProjectConfigurationPlatforms) = postSolution
		{73D13102-E0EF-4BCF-978B-CE015D7FDFA5}.Debug|Any CPU.ActiveCfg = Debug|Any CPU
		{73D13102-E0EF-4BCF-978B-CE015D7FDFA5}.Debug|Any CPU.Build.0 = Debug|Any CPU
		{73D13102-E0EF-4BCF-978B-CE015D7FDFA5}.Release|Any CPU.ActiveCfg = Release|Any CPU
		{73D13102-E0EF-4BCF-978B-CE015D7FDFA5}.Release|Any CPU.Build.0 = Release|Any CPU
	EndGlobalSection
	GlobalSection(SolutionProperties) = preSolution
		HideSolutionNode = FALSE
	EndGlobalSection
	GlobalSection(ExtensibilityGlobals) = postSolution
		SolutionGuid = {89AEA6B5-11BC-4CD8-BB5D-93378FD9EF59}
	EndGlobalSection
EndGlobal
